{"_meta":{"file-type":"spack-lockfile","lockfile-version":5,"specfile-version":4},"spack":{"version":"0.23.0.dev0","type":"git","commit":"9ac261af584c1ad6bdbcbad8b5ab1aec9283fa11"},"roots":[{"hash":"ux23fnhyv4j2rs3d352egqzfq46fw5rr","spec":"amrex~openmp"},{"hash":"pxsj6257sgczula7snadvy4ys6wna2fj","spec":"amrex+openmp"},{"hash":"fz7nnqthhbie3vuduu6dv5hzcmiyflqs","spec":"kadath+mpi"}],"concrete_specs":{"ux23fnhyv4j2rs3d352egqzfq46fw5rr":{"name":"amrex","version":"24.10","arch":{"platform":"linux","platform_os":"rocky9","target":{"name":"zen2","vendor":"AuthenticAMD","features":["abm","aes","avx","avx2","bmi1","bmi2","clflushopt","clwb","clzero","cx16","f16c","fma","fsgsbase","mmx","movbe","pclmulqdq","popcnt","rdseed","sse","sse2","sse4_1","sse4_2","sse4a","ssse3","xsavec","xsaveopt"],"generation":0,"parents":["zen"],"cpupart":""}},"compiler":{"name":"gcc","version":"14.1.0"},"namespace":"builtin","parameters":{"amrdata":false,"ascent":false,"build_system":"cmake","build_type":"RelWithDebInfo","catalyst":false,"conduit":false,"cuda":false,"dimensions":["1","2","3"],"eb":true,"fortran":false,"generator":"make","hdf5":true,"hypre":false,"ipo":false,"linear_solvers":true,"mpi":true,"openmp":false,"particles":false,"petsc":false,"pic":false,"plotfile_tools":true,"precision":"double","rocm":false,"shared":true,"sundials":false,"sycl":false,"tiny_profile":true,"cflags":[],"cppflags":[],"cxxflags":[],"fflags":[],"ldflags":[],"ldlibs":[]},"package_hash":"qpjdt6mta3q7xt5fka7rubua4vmojq2m7xmetqcgbt325tgqyoka====","dependencies":[{"name":"cmake","hash":"fajufe4crxed6wbet2nddbvd7rruiqyn","parameters":{"deptypes":["build"],"virtuals":[]}},{"name":"gcc-runtime","hash":"opndjb4ekbdsygm2pxlo4h2iyhgtc7bq","parameters":{"deptypes":["link"],"virtuals":["fortran-rt","libgfortran"]}},{"name":"glibc","hash":"utr72vjosn4wvjo6rv35q7d5vxjxit53","parameters":{"deptypes":["link"],"virtuals":["libc"]}},{"name":"gmake","hash":"ehxfxqlr2aat3vslzqsroca5alrekioq","parameters":{"deptypes":["build"],"virtuals":[]}},{"name":"hdf5","hash":"pfyx6huqqvekvq35qxfjffypmsxchweo","parameters":{"deptypes":["build","link"],"virtuals":[]}},{"name":"openmpi","hash":"ks44trhefemqz5xpn44o2hcft4fibrfj","parameters":{"deptypes":["build","link"],"virtuals":["mpi"]}}],"hash":"ux23fnhyv4j2rs3d352egqzfq46fw5rr"},"fajufe4crxed6wbet2nddbvd7rruiqyn":{"name":"cmake","version":"3.26.5","arch":{"platform":"linux","platform_os":"rocky9","target":{"name":"zen2","vendor":"AuthenticAMD","features":["abm","aes","avx","avx2","bmi1","bmi2","clflushopt","clwb","clzero","cx16","f16c","fma","fsgsbase","mmx","movbe","pclmulqdq","popcnt","rdseed","sse","sse2","sse4_1","sse4_2","sse4a","ssse3","xsavec","xsaveopt"],"generation":0,"parents":["zen"],"cpupart":""}},"compiler":{"name":"gcc","version":"14.1.0"},"namespace":"builtin","parameters":{"build_system":"generic","build_type":"Release","doc":false,"ncurses":true,"ownlibs":true,"patches":["dbc3892939348c71f35973dd30e74c4a84bc7a2446c6930523c9723b88a597d1"],"qtgui":false,"cflags":[],"cppflags":[],"cxxflags":[],"fflags":[],"ldflags":[],"ldlibs":[]},"external":{"path":"/usr","module":null,"extra_attributes":{}},"patches":["dbc3892939348c71f35973dd30e74c4a84bc7a2446c6930523c9723b88a597d1"],"package_hash":"uqvm27ywr5562ujpiodnjxwtv6ihk2vtqvicrr5tnd32gtfalf7a====","hash":"fajufe4crxed6wbet2nddbvd7rruiqyn"},"opndjb4ekbdsygm2pxlo4h2iyhgtc7bq":{"name":"gcc-runtime","version":"14.1.0","arch":{"platform":"linux","platform_os":"rocky9","target":{"name":"zen2","vendor":"AuthenticAMD","features":["abm","aes","avx","avx2","bmi1","bmi2","clflushopt","clwb","clzero","cx16","f16c","fma","fsgsbase","mmx","movbe","pclmulqdq","popcnt","rdseed","sse","sse2","sse4_1","sse4_2","sse4a","ssse3","xsavec","xsaveopt"],"generation":0,"parents":["zen"],"cpupart":""}},"compiler":{"name":"gcc","version":"14.1.0"},"namespace":"builtin","parameters":{"build_system":"generic","cflags":[],"cppflags":[],"cxxflags":[],"fflags":[],"ldflags":[],"ldlibs":[]},"package_hash":"se7e7lu5ega7wrxwwnhpwjp2fsl4u277hopdz2lw7bwhatp22soq====","dependencies":[{"name":"glibc","hash":"utr72vjosn4wvjo6rv35q7d5vxjxit53","parameters":{"deptypes":["link"],"virtuals":["libc"]}}],"hash":"opndjb4ekbdsygm2pxlo4h2iyhgtc7bq"},"utr72vjosn4wvjo6rv35q7d5vxjxit53":{"name":"glibc","version":"2.34","arch":{"platform":"linux","platform_os":"rocky9","target":{"name":"zen2","vendor":"AuthenticAMD","features":["abm","aes","avx","avx2","bmi1","bmi2","clflushopt","clwb","clzero","cx16","f16c","fma","fsgsbase","mmx","movbe","pclmulqdq","popcnt","rdseed","sse","sse2","sse4_1","sse4_2","sse4a","ssse3","xsavec","xsaveopt"],"generation":0,"parents":["zen"],"cpupart":""}},"compiler":{"name":"gcc","version":"14.1.0"},"namespace":"builtin","parameters":{"build_system":"autotools","cflags":[],"cppflags":[],"cxxflags":[],"fflags":[],"ldflags":[],"ldlibs":[]},"external":{"path":"/usr","module":null,"extra_attributes":{}},"package_hash":"4z35ntbdhytzlhaviffrorrqxvspd6k6jf3pqj7gbday4c2hld5q====","hash":"utr72vjosn4wvjo6rv35q7d5vxjxit53"},"ehxfxqlr2aat3vslzqsroca5alrekioq":{"name":"gmake","version":"4.3","arch":{"platform":"linux","platform_os":"rocky9","target":{"name":"zen2","vendor":"AuthenticAMD","features":["abm","aes","avx","avx2","bmi1","bmi2","clflushopt","clwb","clzero","cx16","f16c","fma","fsgsbase","mmx","movbe","pclmulqdq","popcnt","rdseed","sse","sse2","sse4_1","sse4_2","sse4a","ssse3","xsavec","xsaveopt"],"generation":0,"parents":["zen"],"cpupart":""}},"compiler":{"name":"gcc","version":"14.1.0"},"namespace":"builtin","parameters":{"build_system":"generic","guile":false,"patches":["599f134e69f696ad1ff32b001ea132a49749ebd92ab2b4f4d26afdda2c33cc43"],"cflags":[],"cppflags":[],"cxxflags":[],"fflags":[],"ldflags":[],"ldlibs":[]},"external":{"path":"/usr","module":null,"extra_attributes":{}},"patches":["599f134e69f696ad1ff32b001ea132a49749ebd92ab2b4f4d26afdda2c33cc43"],"package_hash":"a7m2lewavxbgewmgi2iu2outb5cfvqeaehx5chbkr5mld4ag357q====","hash":"ehxfxqlr2aat3vslzqsroca5alrekioq"},"pfyx6huqqvekvq35qxfjffypmsxchweo":{"name":"hdf5","version":"1.14.4","arch":{"platform":"linux","platform_os":"rocky9","target":{"name":"zen2","vendor":"AuthenticAMD","features":["abm","aes","avx","avx2","bmi1","bmi2","clflushopt","clwb","clzero","cx16","f16c","fma","fsgsbase","mmx","movbe","pclmulqdq","popcnt","rdseed","sse","sse2","sse4_1","sse4_2","sse4a","ssse3","xsavec","xsaveopt"],"generation":0,"parents":["zen"],"cpupart":""}},"compiler":{"name":"gcc","version":"14.1.0"},"namespace":"builtin","parameters":{"api":"default","build_system":"cmake","build_type":"Release","cxx":false,"fortran":true,"generator":"make","hl":true,"java":false,"map":false,"mpi":true,"patches":["f42732a453669334acde3e369c4be2f21537754e769e0895a0a0da246bff1cee"],"shared":true,"subfiling":false,"szip":false,"threadsafe":false,"tools":true,"cflags":[],"cppflags":[],"cxxflags":[],"fflags":[],"ldflags":[],"ldlibs":[]},"external":{"path":"/cosma/local/parallel-hdf5/gnu_14.1.0_ompi_5.0.3/1.14.4","module":null,"extra_attributes":{}},"patches":["f42732a453669334acde3e369c4be2f21537754e769e0895a0a0da246bff1cee"],"package_hash":"km23alnbtcj6jjvltacvspenbh2yeziuo7o26nq44w7qi3w7jyjq====","hash":"pfyx6huqqvekvq35qxfjffypmsxchweo"},"ks44trhefemqz5xpn44o2hcft4fibrfj":{"name":"openmpi","version":"5.0.3","arch":{"platform":"linux","platform_os":"rocky9","target":{"name":"zen2","vendor":"AuthenticAMD","features":["abm","aes","avx","avx2","bmi1","bmi2","clflushopt","clwb","clzero","cx16","f16c","fma","fsgsbase","mmx","movbe","pclmulqdq","popcnt","rdseed","sse","sse2","sse4_1","sse4_2","sse4a","ssse3","xsavec","xsaveopt"],"generation":0,"parents":["zen"],"cpupart":""}},"compiler":{"name":"gcc","version":"14.1.0"},"namespace":"builtin","parameters":{"atomics":true,"build_system":"autotools","cuda":false,"debug":false,"fabrics":["none"],"gpfs":false,"internal-hwloc":false,"internal-libevent":false,"internal-pmix":false,"java":false,"lustre":false,"memchecker":false,"openshmem":false,"patches":["1a8ff33f8db0a65607bd6a1e1aa6926e19ae6394d974ce9a61cd2177f162bb6a","a0572843b15e755b49d352bdf1ea7dfbd1cb8018dc1db783bb36e24f9d2becf6"],"romio":false,"romio-filesystem":["none"],"rsh":true,"schedulers":["none"],"static":false,"vt":true,"wrapper-rpath":true,"cflags":[],"cppflags":[],"cxxflags":[],"fflags":[],"ldflags":[],"ldlibs":[]},"external":{"path":"/cosma/local/openmpi/gnu_14.1.0/5.0.3","module":null,"extra_attributes":{}},"patches":["1a8ff33f8db0a65607bd6a1e1aa6926e19ae6394d974ce9a61cd2177f162bb6a","a0572843b15e755b49d352bdf1ea7dfbd1cb8018dc1db783bb36e24f9d2becf6"],"package_hash":"7aizcpopgrleqszznjdvtxu3b5rxahkzffcncyd6gau2zrfmktla====","hash":"ks44trhefemqz5xpn44o2hcft4fibrfj"},"pxsj6257sgczula7snadvy4ys6wna2fj":{"name":"amrex","version":"24.10","arch":{"platform":"linux","platform_os":"rocky9","target":{"name":"zen2","vendor":"AuthenticAMD","features":["abm","aes","avx","avx2","bmi1","bmi2","clflushopt","clwb","clzero","cx16","f16c","fma","fsgsbase","mmx","movbe","pclmulqdq","popcnt","rdseed","sse","sse2","sse4_1","sse4_2","sse4a","ssse3","xsavec","xsaveopt"],"generation":0,"parents":["zen"],"cpupart":""}},"compiler":{"name":"gcc","version":"14.1.0"},"namespace":"builtin","parameters":{"amrdata":false,"ascent":false,"build_system":"cmake","build_type":"RelWithDebInfo","catalyst":false,"conduit":false,"cuda":false,"dimensions":["1","2","3"],"eb":true,"fortran":false,"generator":"make","hdf5":true,"hypre":false,"ipo":false,"linear_solvers":true,"mpi":true,"openmp":true,"particles":false,"petsc":false,"pic":false,"plotfile_tools":true,"precision":"double","rocm":false,"shared":true,"sundials":false,"sycl":false,"tiny_profile":true,"cflags":[],"cppflags":[],"cxxflags":[],"fflags":[],"ldflags":[],"ldlibs":[]},"package_hash":"qpjdt6mta3q7xt5fka7rubua4vmojq2m7xmetqcgbt325tgqyoka====","dependencies":[{"name":"cmake","hash":"fajufe4crxed6wbet2nddbvd7rruiqyn","parameters":{"deptypes":["build"],"virtuals":[]}},{"name":"gcc-runtime","hash":"opndjb4ekbdsygm2pxlo4h2iyhgtc7bq","parameters":{"deptypes":["link"],"virtuals":["fortran-rt","libgfortran"]}},{"name":"glibc","hash":"utr72vjosn4wvjo6rv35q7d5vxjxit53","parameters":{"deptypes":["link"],"virtuals":["libc"]}},{"name":"gmake","hash":"ehxfxqlr2aat3vslzqsroca5alrekioq","parameters":{"deptypes":["build"],"virtuals":[]}},{"name":"hdf5","hash":"pfyx6huqqvekvq35qxfjffypmsxchweo","parameters":{"deptypes":["build","link"],"virtuals":[]}},{"name":"openmpi","hash":"ks44trhefemqz5xpn44o2hcft4fibrfj","parameters":{"deptypes":["build","link"],"virtuals":["mpi"]}}],"hash":"pxsj6257sgczula7snadvy4ys6wna2fj"},"fz7nnqthhbie3vuduu6dv5hzcmiyflqs":{"name":"kadath","version":"fuka","arch":{"platform":"linux","platform_os":"rocky9","target":{"name":"zen2","vendor":"AuthenticAMD","features":["abm","aes","avx","avx2","bmi1","bmi2","clflushopt","clwb","clzero","cx16","f16c","fma","fsgsbase","mmx","movbe","pclmulqdq","popcnt","rdseed","sse","sse2","sse4_1","sse4_2","sse4a","ssse3","xsavec","xsaveopt"],"generation":0,"parents":["zen"],"cpupart":""}},"compiler":{"name":"gcc","version":"14.1.0"},"namespace":"builtin","parameters":{"build_system":"cmake","build_type":"Release","codes":["none"],"generator":"make","ipo":false,"mpi":true,"cflags":[],"cppflags":[],"cxxflags":[],"fflags":[],"ldflags":[],"ldlibs":[]},"package_hash":"co6ycauz6m6n6u4hug5bh4c6gktgucki2buqzgept4zt6qpvpv6q====","dependencies":[{"name":"boost","hash":"vjz4wln34p6bhptrkkjblwv4bftoppvf","parameters":{"deptypes":["build","link"],"virtuals":[]}},{"name":"cmake","hash":"fajufe4crxed6wbet2nddbvd7rruiqyn","parameters":{"deptypes":["build"],"virtuals":[]}},{"name":"fftw","hash":"ljzmyw3r4brkijft6j3a4wryj5o4zutl","parameters":{"deptypes":["build","link"],"virtuals":["fftw-api"]}},{"name":"gcc-runtime","hash":"opndjb4ekbdsygm2pxlo4h2iyhgtc7bq","parameters":{"deptypes":["link"],"virtuals":[]}},{"name":"glibc","hash":"utr72vjosn4wvjo6rv35q7d5vxjxit53","parameters":{"deptypes":["link"],"virtuals":["libc"]}},{"name":"gmake","hash":"ehxfxqlr2aat3vslzqsroca5alrekioq","parameters":{"deptypes":["build"],"virtuals":[]}},{"name":"gsl","hash":"22inktiy7fdvjvwtwiqadqcsqhuzeeud","parameters":{"deptypes":["build","link"],"virtuals":[]}},{"name":"netlib-scalapack","hash":"melyhv3jtff3owhfx62dlonfcqrumumi","parameters":{"deptypes":["build","link"],"virtuals":["scalapack"]}},{"name":"openblas","hash":"62oy7ztxoh4oipj3wsyoqfhtmahukgsz","parameters":{"deptypes":["build","link"],"virtuals":["blas","lapack"]}},{"name":"openmpi","hash":"ks44trhefemqz5xpn44o2hcft4fibrfj","parameters":{"deptypes":["build","link"],"virtuals":["mpi"]}},{"name":"pgplot","hash":"3oklbcq2e62uq3p7omi4srpq5pl634te","parameters":{"deptypes":["build","link"],"virtuals":[]}}],"hash":"fz7nnqthhbie3vuduu6dv5hzcmiyflqs"},"vjz4wln34p6bhptrkkjblwv4bftoppvf":{"name":"boost","version":"1.86.0","arch":{"platform":"linux","platform_os":"rocky9","target":{"name":"zen2","vendor":"AuthenticAMD","features":["abm","aes","avx","avx2","bmi1","bmi2","clflushopt","clwb","clzero","cx16","f16c","fma","fsgsbase","mmx","movbe","pclmulqdq","popcnt","rdseed","sse","sse2","sse4_1","sse4_2","sse4a","ssse3","xsavec","xsaveopt"],"generation":0,"parents":["zen"],"cpupart":""}},"compiler":{"name":"gcc","version":"14.1.0"},"namespace":"builtin","parameters":{"atomic":false,"build_system":"generic","charconv":false,"chrono":false,"clanglibcpp":false,"cobalt":false,"container":false,"context":false,"contract":false,"coroutine":false,"cxxstd":"17","date_time":false,"debug":false,"exception":false,"fiber":false,"filesystem":false,"graph":false,"graph_parallel":false,"icu":false,"iostreams":false,"json":false,"locale":false,"log":false,"math":false,"mpi":false,"multithreaded":true,"nowide":false,"numpy":false,"patches":["a440f9696d3bbb77e7eab1516c004730f622e59c71d39960b472026ef92f88e8"],"pic":false,"program_options":false,"python":false,"random":false,"regex":false,"serialization":false,"shared":true,"signals":false,"singlethreaded":false,"stacktrace":false,"system":false,"taggedlayout":false,"test":false,"thread":false,"timer":false,"type_erasure":false,"url":false,"versionedlayout":false,"visibility":"hidden","wave":false,"cflags":[],"cppflags":[],"cxxflags":[],"fflags":[],"ldflags":[],"ldlibs":[]},"patches":["a440f9696d3bbb77e7eab1516c004730f622e59c71d39960b472026ef92f88e8"],"package_hash":"u5tyz43n2gmjkiiohdra4fqsnuvegmq2ycow7gyi5vqjqlvqyf7a====","dependencies":[{"name":"gcc-runtime","hash":"opndjb4ekbdsygm2pxlo4h2iyhgtc7bq","parameters":{"deptypes":["link"],"virtuals":[]}},{"name":"glibc","hash":"utr72vjosn4wvjo6rv35q7d5vxjxit53","parameters":{"deptypes":["link"],"virtuals":["libc"]}}],"hash":"vjz4wln34p6bhptrkkjblwv4bftoppvf"},"ljzmyw3r4brkijft6j3a4wryj5o4zutl":{"name":"fftw","version":"3.3.10","arch":{"platform":"linux","platform_os":"rocky9","target":{"name":"zen2","vendor":"AuthenticAMD","features":["abm","aes","avx","avx2","bmi1","bmi2","clflushopt","clwb","clzero","cx16","f16c","fma","fsgsbase","mmx","movbe","pclmulqdq","popcnt","rdseed","sse","sse2","sse4_1","sse4_2","sse4a","ssse3","xsavec","xsaveopt"],"generation":0,"parents":["zen"],"cpupart":""}},"compiler":{"name":"gcc","version":"14.1.0"},"namespace":"builtin","parameters":{"build_system":"autotools","mpi":true,"openmp":true,"patches":["872cff9a7d346e91a108ffd3540bfcebeb8cf86c7f40f6b31fd07a80267cbf53"],"pfft_patches":false,"precision":["double","float"],"shared":true,"cflags":[],"cppflags":[],"cxxflags":[],"fflags":[],"ldflags":[],"ldlibs":[]},"external":{"path":"/cosma/local/fftw/gnu_14.1.0_ompi_5.0.3/3.3.10-epyc","module":null,"extra_attributes":{}},"patches":["872cff9a7d346e91a108ffd3540bfcebeb8cf86c7f40f6b31fd07a80267cbf53"],"package_hash":"nils4prqu2rdsabfxa6a5ansgq3nr25xtb4n6nrr73brobwzaz7a====","hash":"ljzmyw3r4brkijft6j3a4wryj5o4zutl"},"22inktiy7fdvjvwtwiqadqcsqhuzeeud":{"name":"gsl","version":"2.8","arch":{"platform":"linux","platform_os":"rocky9","target":{"name":"zen2","vendor":"AuthenticAMD","features":["abm","aes","avx","avx2","bmi1","bmi2","clflushopt","clwb","clzero","cx16","f16c","fma","fsgsbase","mmx","movbe","pclmulqdq","popcnt","rdseed","sse","sse2","sse4_1","sse4_2","sse4a","ssse3","xsavec","xsaveopt"],"generation":0,"parents":["zen"],"cpupart":""}},"compiler":{"name":"gcc","version":"14.1.0"},"namespace":"builtin","parameters":{"build_system":"autotools","external-cblas":false,"pic":true,"shared":true,"cflags":[],"cppflags":[],"cxxflags":[],"fflags":[],"ldflags":[],"ldlibs":[]},"external":{"path":"/cosma/local/gsl/2.8","module":null,"extra_attributes":{}},"package_hash":"larzurwexainhx4hzfiu3mok4jmvxe2rrl5cdohva5brdjg75lza====","hash":"22inktiy7fdvjvwtwiqadqcsqhuzeeud"},"melyhv3jtff3owhfx62dlonfcqrumumi":{"name":"netlib-scalapack","version":"2.2.0","arch":{"platform":"linux","platform_os":"rocky9","target":{"name":"zen2","vendor":"AuthenticAMD","features":["abm","aes","avx","avx2","bmi1","bmi2","clflushopt","clwb","clzero","cx16","f16c","fma","fsgsbase","mmx","movbe","pclmulqdq","popcnt","rdseed","sse","sse2","sse4_1","sse4_2","sse4a","ssse3","xsavec","xsaveopt"],"generation":0,"parents":["zen"],"cpupart":""}},"compiler":{"name":"gcc","version":"14.1.0"},"namespace":"builtin","parameters":{"build_system":"cmake","build_type":"Release","generator":"make","ipo":false,"patches":["072b006e485f0ca4cba56096912a986e4d3da73aae51c2205928aa5eb842cefd","1c9ce5fee1451a08c2de3cc87f446aeda0b818ebbce4ad0d980ddf2f2a0b2dc4","244a9aadb1b1e212ed1390f492afa827189c940524b7ab17053d00130a12577b"],"pic":false,"shared":true,"cflags":[],"cppflags":[],"cxxflags":[],"fflags":[],"ldflags":[],"ldlibs":[]},"patches":["1c9ce5fee1451a08c2de3cc87f446aeda0b818ebbce4ad0d980ddf2f2a0b2dc4","072b006e485f0ca4cba56096912a986e4d3da73aae51c2205928aa5eb842cefd","244a9aadb1b1e212ed1390f492afa827189c940524b7ab17053d00130a12577b"],"package_hash":"zwolqdlxm75qoj2ma4wsugt45hfcjbpkv2bxlnm53ee4z53xek3q====","dependencies":[{"name":"cmake","hash":"fajufe4crxed6wbet2nddbvd7rruiqyn","parameters":{"deptypes":["build"],"virtuals":[]}},{"name":"gcc-runtime","hash":"opndjb4ekbdsygm2pxlo4h2iyhgtc7bq","parameters":{"deptypes":["link"],"virtuals":["fortran-rt","libgfortran"]}},{"name":"glibc","hash":"utr72vjosn4wvjo6rv35q7d5vxjxit53","parameters":{"deptypes":["link"],"virtuals":["libc"]}},{"name":"gmake","hash":"ehxfxqlr2aat3vslzqsroca5alrekioq","parameters":{"deptypes":["build"],"virtuals":[]}},{"name":"openblas","hash":"62oy7ztxoh4oipj3wsyoqfhtmahukgsz","parameters":{"deptypes":["build","link"],"virtuals":["blas","lapack"]}},{"name":"openmpi","hash":"ks44trhefemqz5xpn44o2hcft4fibrfj","parameters":{"deptypes":["build","link"],"virtuals":["mpi"]}}],"hash":"melyhv3jtff3owhfx62dlonfcqrumumi"},"62oy7ztxoh4oipj3wsyoqfhtmahukgsz":{"name":"openblas","version":"0.3.28","arch":{"platform":"linux","platform_os":"rocky9","target":{"name":"zen2","vendor":"AuthenticAMD","features":["abm","aes","avx","avx2","bmi1","bmi2","clflushopt","clwb","clzero","cx16","f16c","fma","fsgsbase","mmx","movbe","pclmulqdq","popcnt","rdseed","sse","sse2","sse4_1","sse4_2","sse4a","ssse3","xsavec","xsaveopt"],"generation":0,"parents":["zen"],"cpupart":""}},"compiler":{"name":"gcc","version":"14.1.0"},"namespace":"builtin","parameters":{"bignuma":false,"build_system":"makefile","consistent_fpcsr":false,"dynamic_dispatch":true,"fortran":true,"ilp64":false,"locking":true,"patches":["d0b9276ac0f5f6f281620aae72c17161eb7baa7b46e66c57b764c0d0d3337944"],"pic":true,"shared":true,"symbol_suffix":"none","threads":"none","cflags":[],"cppflags":[],"cxxflags":[],"fflags":[],"ldflags":[],"ldlibs":[]},"patches":["d0b9276ac0f5f6f281620aae72c17161eb7baa7b46e66c57b764c0d0d3337944"],"package_hash":"jprpal3aa44cdwxvbazrop3iz4qqpbkugy46okgcktr2klljuwfq====","dependencies":[{"name":"gcc-runtime","hash":"opndjb4ekbdsygm2pxlo4h2iyhgtc7bq","parameters":{"deptypes":["link"],"virtuals":["fortran-rt","libgfortran"]}},{"name":"glibc","hash":"utr72vjosn4wvjo6rv35q7d5vxjxit53","parameters":{"deptypes":["link"],"virtuals":["libc"]}},{"name":"gmake","hash":"ehxfxqlr2aat3vslzqsroca5alrekioq","parameters":{"deptypes":["build"],"virtuals":[]}}],"hash":"62oy7ztxoh4oipj3wsyoqfhtmahukgsz"},"3oklbcq2e62uq3p7omi4srpq5pl634te":{"name":"pgplot","version":"5.2.2","arch":{"platform":"linux","platform_os":"rocky9","target":{"name":"zen2","vendor":"AuthenticAMD","features":["abm","aes","avx","avx2","bmi1","bmi2","clflushopt","clwb","clzero","cx16","f16c","fma","fsgsbase","mmx","movbe","pclmulqdq","popcnt","rdseed","sse","sse2","sse4_1","sse4_2","sse4a","ssse3","xsavec","xsaveopt"],"generation":0,"parents":["zen"],"cpupart":""}},"compiler":{"name":"gcc","version":"14.1.0"},"namespace":"builtin","parameters":{"X":false,"build_system":"makefile","patches":["1732c27cf4626d8a2348006223c314e2f885f67e351eeba2787c78bf87121679","65d81b085db9edc5d567efe01a2d2bda9059ba8b6c86d3dfe017d689d8d12bef","e22026eb642fb749e73dc15e2b77525cea78245557050b9bca3e9700c5e560ec"],"png":true,"ps":true,"cflags":[],"cppflags":[],"cxxflags":[],"fflags":[],"ldflags":[],"ldlibs":[]},"external":{"path":"/cosma/local/pgplot/5.2.2","module":null,"extra_attributes":{}},"patches":["65d81b085db9edc5d567efe01a2d2bda9059ba8b6c86d3dfe017d689d8d12bef","e22026eb642fb749e73dc15e2b77525cea78245557050b9bca3e9700c5e560ec","1732c27cf4626d8a2348006223c314e2f885f67e351eeba2787c78bf87121679"],"package_hash":"zrlevhgwcwj2usucxlaxf3dklscxwsd4vjnfkr32xta4cb7344mq====","hash":"3oklbcq2e62uq3p7omi4srpq5pl634te"}}}